
Microsoft Visual Studio Solution File, Format Version 12.00
# Visual Studio 14
VisualStudioVersion = 14.0.25420.1
MinimumVisualStudioVersion = 10.0.40219.1
Project("{FAE04EC0-301F-11D3-BF4B-00C04F79EFBC}") = "csharp-code-snippet", "csharp-code-snippet\csharp-code-snippet.csproj", "{CA04A4D3-DD97-40DC-85DF-2FDC74E613CB}"
EndProject
Global
	GlobalSection(SolutionConfigurationPlatforms) = preSolution
		Debug|Any CPU = Debug|Any CPU
		Release|Any CPU = Release|Any CPU
	EndGlobalSection
	GlobalSection(ProjectConfigurationPlatforms) = postSolution
		{CA04A4D3-DD97-40DC-85DF-2FDC74E613CB}.Debug|Any CPU.ActiveCfg = Debug|Any CPU
		{CA04A4D3-DD97-40DC-85DF-2FDC74E613CB}.Debug|Any CPU.Build.0 = Debug|Any CPU
		{CA04A4D3-DD97-40DC-85DF-2FDC74E613CB}.Release|Any CPU.ActiveCfg = Release|Any CPU
		{CA04A4D3-DD97-40DC-85DF-2FDC74E613CB}.Release|Any CPU.Build.0 = Release|Any CPU
	EndGlobalSection
	GlobalSection(SolutionProperties) = preSolution
		HideSolutionNode = FALSE
	EndGlobalSection
EndGlobal
